// !$*UTF8*$!
{
	archiveVersion = 1;
	classes = {
	};
	objectVersion = 56;
	objects = {

/* Begin PBXBuildFile section */
		10D12E732C6CCF7B00D2AAD6 /* ExpenseTrackerDemoApp.swift in Sources */ = {isa = PBXBuildFile; fileRef = 10D12E722C6CCF7B00D2AAD6 /* ExpenseTrackerDemoApp.swift */; };
		10D12E752C6CCF7B00D2AAD6 /* ContentView.swift in Sources */ = {isa = PBXBuildFile; fileRef = 10D12E742C6CCF7B00D2AAD6 /* ContentView.swift */; };
		10D12E772C6CCF7C00D2AAD6 /* Assets.xcassets in Resources */ = {isa = PBXBuildFile; fileRef = 10D12E762C6CCF7C00D2AAD6 /* Assets.xcassets */; };
		10D12E7A2C6CCF7C00D2AAD6 /* Preview Assets.xcassets in Resources */ = {isa = PBXBuildFile; fileRef = 10D12E792C6CCF7C00D2AAD6 /* Preview Assets.xcassets */; };
		10D12E812C6CCFF500D2AAD6 /* .gitignore in Resources */ = {isa = PBXBuildFile; fileRef = 10D12E802C6CCFF500D2AAD6 /* .gitignore */; };
		10D12E832C6CD02800D2AAD6 /* TransactionModel.swift in Sources */ = {isa = PBXBuildFile; fileRef = 10D12E822C6CD02800D2AAD6 /* TransactionModel.swift */; };
		10D12E852C6CD05100D2AAD6 /* Extensions.swift in Sources */ = {isa = PBXBuildFile; fileRef = 10D12E842C6CD05100D2AAD6 /* Extensions.swift */; };
		10D12E872C6CD91100D2AAD6 /* PreviewData.swift in Sources */ = {isa = PBXBuildFile; fileRef = 10D12E862C6CD91100D2AAD6 /* PreviewData.swift */; };
		10D12E8F2C6CDB3800D2AAD6 /* TransactionRow.swift in Sources */ = {isa = PBXBuildFile; fileRef = 10D12E8E2C6CDB3800D2AAD6 /* TransactionRow.swift */; };
		10D12E922C6CEB0900D2AAD6 /* SwiftUIFontIcon in Frameworks */ = {isa = PBXBuildFile; productRef = 10D12E912C6CEB0900D2AAD6 /* SwiftUIFontIcon */; };
		10D12E942C6CEC7800D2AAD6 /* TransactionListViewModel.swift in Sources */ = {isa = PBXBuildFile; fileRef = 10D12E932C6CEC7800D2AAD6 /* TransactionListViewModel.swift */; };
		10D12E962C6E325300D2AAD6 /* RecentTransactionList.swift in Sources */ = {isa = PBXBuildFile; fileRef = 10D12E952C6E325300D2AAD6 /* RecentTransactionList.swift */; };
		10D12E982C74C8EF00D2AAD6 /* TransactionList.swift in Sources */ = {isa = PBXBuildFile; fileRef = 10D12E972C74C8EE00D2AAD6 /* TransactionList.swift */; };
		10D12E9B2C74E3CD00D2AAD6 /* Collections in Frameworks */ = {isa = PBXBuildFile; productRef = 10D12E9A2C74E3CD00D2AAD6 /* Collections */; };
		10D12EA12C74F32200D2AAD6 /* SwiftUICharts in Frameworks */ = {isa = PBXBuildFile; productRef = 10D12EA02C74F32200D2AAD6 /* SwiftUICharts */; };
		10D12EAF2C84C26D00D2AAD6 /* FirebaseDatabase in Frameworks */ = {isa = PBXBuildFile; productRef = 10D12EAE2C84C26D00D2AAD6 /* FirebaseDatabase */; };
		10D12EB32C84CFB600D2AAD6 /* GoogleService-Info.plist in Resources */ = {isa = PBXBuildFile; fileRef = 10D12EB22C84CFB600D2AAD6 /* GoogleService-Info.plist */; };
		10D12EB62C86151200D2AAD6 /* TransactionEntryViewModel.swift in Sources */ = {isa = PBXBuildFile; fileRef = 10D12EB52C86151200D2AAD6 /* TransactionEntryViewModel.swift */; };
		10D12EB82C86176300D2AAD6 /* NewTransactionView.swift in Sources */ = {isa = PBXBuildFile; fileRef = 10D12EB72C86176300D2AAD6 /* NewTransactionView.swift */; };
/* End PBXBuildFile section */

/* Begin PBXFileReference section */
		10D12E6F2C6CCF7B00D2AAD6 /* ExpenseTrackerDemo.app */ = {isa = PBXFileReference; explicitFileType = wrapper.application; includeInIndex = 0; path = ExpenseTrackerDemo.app; sourceTree = BUILT_PRODUCTS_DIR; };
		10D12E722C6CCF7B00D2AAD6 /* ExpenseTrackerDemoApp.swift */ = {isa = PBXFileReference; lastKnownFileType = sourcecode.swift; path = ExpenseTrackerDemoApp.swift; sourceTree = "<group>"; };
		10D12E742C6CCF7B00D2AAD6 /* ContentView.swift */ = {isa = PBXFileReference; lastKnownFileType = sourcecode.swift; path = ContentView.swift; sourceTree = "<group>"; };
		10D12E762C6CCF7C00D2AAD6 /* Assets.xcassets */ = {isa = PBXFileReference; lastKnownFileType = folder.assetcatalog; path = Assets.xcassets; sourceTree = "<group>"; };
		10D12E792C6CCF7C00D2AAD6 /* Preview Assets.xcassets */ = {isa = PBXFileReference; lastKnownFileType = folder.assetcatalog; path = "Preview Assets.xcassets"; sourceTree = "<group>"; };
		10D12E802C6CCFF500D2AAD6 /* .gitignore */ = {isa = PBXFileReference; fileEncoding = 4; lastKnownFileType = text; path = .gitignore; sourceTree = "<group>"; };
		10D12E822C6CD02800D2AAD6 /* TransactionModel.swift */ = {isa = PBXFileReference; lastKnownFileType = sourcecode.swift; path = TransactionModel.swift; sourceTree = "<group>"; };
		10D12E842C6CD05100D2AAD6 /* Extensions.swift */ = {isa = PBXFileReference; lastKnownFileType = sourcecode.swift; path = Extensions.swift; sourceTree = "<group>"; };
		10D12E862C6CD91100D2AAD6 /* PreviewData.swift */ = {isa = PBXFileReference; lastKnownFileType = sourcecode.swift; path = PreviewData.swift; sourceTree = "<group>"; };
		10D12E8E2C6CDB3800D2AAD6 /* TransactionRow.swift */ = {isa = PBXFileReference; lastKnownFileType = sourcecode.swift; path = TransactionRow.swift; sourceTree = "<group>"; };
		10D12E932C6CEC7800D2AAD6 /* TransactionListViewModel.swift */ = {isa = PBXFileReference; lastKnownFileType = sourcecode.swift; path = TransactionListViewModel.swift; sourceTree = "<group>"; };
		10D12E952C6E325300D2AAD6 /* RecentTransactionList.swift */ = {isa = PBXFileReference; lastKnownFileType = sourcecode.swift; path = RecentTransactionList.swift; sourceTree = "<group>"; };
		10D12E972C74C8EE00D2AAD6 /* TransactionList.swift */ = {isa = PBXFileReference; lastKnownFileType = sourcecode.swift; path = TransactionList.swift; sourceTree = "<group>"; };
		10D12EB22C84CFB600D2AAD6 /* GoogleService-Info.plist */ = {isa = PBXFileReference; fileEncoding = 4; lastKnownFileType = text.plist.xml; path = "GoogleService-Info.plist"; sourceTree = "<group>"; };
		10D12EB42C84D02200D2AAD6 /* README.md */ = {isa = PBXFileReference; lastKnownFileType = net.daringfireball.markdown; path = README.md; sourceTree = "<group>"; };
		10D12EB52C86151200D2AAD6 /* TransactionEntryViewModel.swift */ = {isa = PBXFileReference; lastKnownFileType = sourcecode.swift; path = TransactionEntryViewModel.swift; sourceTree = "<group>"; };
		10D12EB72C86176300D2AAD6 /* NewTransactionView.swift */ = {isa = PBXFileReference; lastKnownFileType = sourcecode.swift; path = NewTransactionView.swift; sourceTree = "<group>"; };
/* End PBXFileReference section */

/* Begin PBXFrameworksBuildPhase section */
		10D12E6C2C6CCF7B00D2AAD6 /* Frameworks */ = {
			isa = PBXFrameworksBuildPhase;
			buildActionMask = 2147483647;
			files = (
				10D12EA12C74F32200D2AAD6 /* SwiftUICharts in Frameworks */,
				10D12E9B2C74E3CD00D2AAD6 /* Collections in Frameworks */,
				10D12EAF2C84C26D00D2AAD6 /* FirebaseDatabase in Frameworks */,
				10D12E922C6CEB0900D2AAD6 /* SwiftUIFontIcon in Frameworks */,
			);
			runOnlyForDeploymentPostprocessing = 0;
		};
/* End PBXFrameworksBuildPhase section */

/* Begin PBXGroup section */
		10D12E662C6CCF7B00D2AAD6 = {
			isa = PBXGroup;
			children = (
				10D12EB42C84D02200D2AAD6 /* README.md */,
				10D12E802C6CCFF500D2AAD6 /* .gitignore */,
				10D12E712C6CCF7B00D2AAD6 /* ExpenseTrackerDemo */,
				10D12E702C6CCF7B00D2AAD6 /* Products */,
			);
			sourceTree = "<group>";
		};
		10D12E702C6CCF7B00D2AAD6 /* Products */ = {
			isa = PBXGroup;
			children = (
				10D12E6F2C6CCF7B00D2AAD6 /* ExpenseTrackerDemo.app */,
			);
			name = Products;
			sourceTree = "<group>";
		};
		10D12E712C6CCF7B00D2AAD6 /* ExpenseTrackerDemo */ = {
			isa = PBXGroup;
			children = (
				10D12E722C6CCF7B00D2AAD6 /* ExpenseTrackerDemoApp.swift */,
				10D12E742C6CCF7B00D2AAD6 /* ContentView.swift */,
				10D12E822C6CD02800D2AAD6 /* TransactionModel.swift */,
				10D12E842C6CD05100D2AAD6 /* Extensions.swift */,
				10D12E8E2C6CDB3800D2AAD6 /* TransactionRow.swift */,
				10D12E932C6CEC7800D2AAD6 /* TransactionListViewModel.swift */,
				10D12E762C6CCF7C00D2AAD6 /* Assets.xcassets */,
				10D12E952C6E325300D2AAD6 /* RecentTransactionList.swift */,
				10D12E782C6CCF7C00D2AAD6 /* Preview Content */,
				10D12E972C74C8EE00D2AAD6 /* TransactionList.swift */,
				10D12EB22C84CFB600D2AAD6 /* GoogleService-Info.plist */,
				10D12EB52C86151200D2AAD6 /* TransactionEntryViewModel.swift */,
				10D12EB72C86176300D2AAD6 /* NewTransactionView.swift */,
			);
			path = ExpenseTrackerDemo;
			sourceTree = "<group>";
		};
		10D12E782C6CCF7C00D2AAD6 /* Preview Content */ = {
			isa = PBXGroup;
			children = (
				10D12E792C6CCF7C00D2AAD6 /* Preview Assets.xcassets */,
				10D12E862C6CD91100D2AAD6 /* PreviewData.swift */,
			);
			path = "Preview Content";
			sourceTree = "<group>";
		};
/* End PBXGroup section */

/* Begin PBXNativeTarget section */
		10D12E6E2C6CCF7B00D2AAD6 /* ExpenseTrackerDemo */ = {
			isa = PBXNativeTarget;
			buildConfigurationList = 10D12E7D2C6CCF7C00D2AAD6 /* Build configuration list for PBXNativeTarget "ExpenseTrackerDemo" */;
			buildPhases = (
				10D12E6B2C6CCF7B00D2AAD6 /* Sources */,
				10D12E6C2C6CCF7B00D2AAD6 /* Frameworks */,
				10D12E6D2C6CCF7B00D2AAD6 /* Resources */,
			);
			buildRules = (
			);
			dependencies = (
			);
			name = ExpenseTrackerDemo;
			packageProductDependencies = (
				10D12E912C6CEB0900D2AAD6 /* SwiftUIFontIcon */,
				10D12E9A2C74E3CD00D2AAD6 /* Collections */,
				10D12EA02C74F32200D2AAD6 /* SwiftUICharts */,
				10D12EAE2C84C26D00D2AAD6 /* FirebaseDatabase */,
			);
			productName = ExpenseTrackerDemo;
			productReference = 10D12E6F2C6CCF7B00D2AAD6 /* ExpenseTrackerDemo.app */;
			productType = "com.apple.product-type.application";
		};
/* End PBXNativeTarget section */

/* Begin PBXProject section */
		10D12E672C6CCF7B00D2AAD6 /* Project object */ = {
			isa = PBXProject;
			attributes = {
				BuildIndependentTargetsInParallel = 1;
				LastSwiftUpdateCheck = 1540;
				LastUpgradeCheck = 1540;
				TargetAttributes = {
					10D12E6E2C6CCF7B00D2AAD6 = {
						CreatedOnToolsVersion = 15.4;
					};
				};
			};
			buildConfigurationList = 10D12E6A2C6CCF7B00D2AAD6 /* Build configuration list for PBXProject "ExpenseTrackerDemo" */;
			compatibilityVersion = "Xcode 14.0";
			developmentRegion = en;
			hasScannedForEncodings = 0;
			knownRegions = (
				en,
				Base,
			);
			mainGroup = 10D12E662C6CCF7B00D2AAD6;
			packageReferences = (
				10D12E902C6CEB0900D2AAD6 /* XCRemoteSwiftPackageReference "SwiftUIFontIcon" */,
				10D12E992C74E3CD00D2AAD6 /* XCRemoteSwiftPackageReference "swift-collections" */,
				10D12E9F2C74F32200D2AAD6 /* XCRemoteSwiftPackageReference "ChartView" */,
				10D12EAD2C84C26D00D2AAD6 /* XCRemoteSwiftPackageReference "firebase-ios-sdk" */,
			);
			productRefGroup = 10D12E702C6CCF7B00D2AAD6 /* Products */;
			projectDirPath = "";
			projectRoot = "";
			targets = (
				10D12E6E2C6CCF7B00D2AAD6 /* ExpenseTrackerDemo */,
			);
		};
/* End PBXProject section */

/* Begin PBXResourcesBuildPhase section */
		10D12E6D2C6CCF7B00D2AAD6 /* Resources */ = {
			isa = PBXResourcesBuildPhase;
			buildActionMask = 2147483647;
			files = (
				10D12E7A2C6CCF7C00D2AAD6 /* Preview Assets.xcassets in Resources */,
				10D12EB32C84CFB600D2AAD6 /* GoogleService-Info.plist in Resources */,
				10D12E812C6CCFF500D2AAD6 /* .gitignore in Resources */,
				10D12E772C6CCF7C00D2AAD6 /* Assets.xcassets in Resources */,
			);
			runOnlyForDeploymentPostprocessing = 0;
		};
/* End PBXResourcesBuildPhase section */

/* Begin PBXSourcesBuildPhase section */
		10D12E6B2C6CCF7B00D2AAD6 /* Sources */ = {
			isa = PBXSourcesBuildPhase;
			buildActionMask = 2147483647;
			files = (
				10D12E872C6CD91100D2AAD6 /* PreviewData.swift in Sources */,
				10D12E982C74C8EF00D2AAD6 /* TransactionList.swift in Sources */,
				10D12E962C6E325300D2AAD6 /* RecentTransactionList.swift in Sources */,
				10D12E832C6CD02800D2AAD6 /* TransactionModel.swift in Sources */,
				10D12E752C6CCF7B00D2AAD6 /* ContentView.swift in Sources */,
				10D12EB82C86176300D2AAD6 /* NewTransactionView.swift in Sources */,
				10D12E8F2C6CDB3800D2AAD6 /* TransactionRow.swift in Sources */,
				10D12EB62C86151200D2AAD6 /* TransactionEntryViewModel.swift in Sources */,
				10D12E732C6CCF7B00D2AAD6 /* ExpenseTrackerDemoApp.swift in Sources */,
				10D12E942C6CEC7800D2AAD6 /* TransactionListViewModel.swift in Sources */,
				10D12E852C6CD05100D2AAD6 /* Extensions.swift in Sources */,
			);
			runOnlyForDeploymentPostprocessing = 0;
		};
/* End PBXSourcesBuildPhase section */

/* Begin XCBuildConfiguration section */
		10D12E7B2C6CCF7C00D2AAD6 /* Debug */ = {
			isa = XCBuildConfiguration;
			buildSettings = {
				ALWAYS_SEARCH_USER_PATHS = NO;
				ASSETCATALOG_COMPILER_GENERATE_SWIFT_ASSET_SYMBOL_EXTENSIONS = YES;
				CLANG_ANALYZER_NONNULL = YES;
				CLANG_ANALYZER_NUMBER_OBJECT_CONVERSION = YES_AGGRESSIVE;
				CLANG_CXX_LANGUAGE_STANDARD = "gnu++20";
				CLANG_ENABLE_MODULES = YES;
				CLANG_ENABLE_OBJC_ARC = YES;
				CLANG_ENABLE_OBJC_WEAK = YES;
				CLANG_WARN_BLOCK_CAPTURE_AUTORELEASING = YES;
				CLANG_WARN_BOOL_CONVERSION = YES;
				CLANG_WARN_COMMA = YES;
				CLANG_WARN_CONSTANT_CONVERSION = YES;
				CLANG_WARN_DEPRECATED_OBJC_IMPLEMENTATIONS = YES;
				CLANG_WARN_DIRECT_OBJC_ISA_USAGE = YES_ERROR;
				CLANG_WARN_DOCUMENTATION_COMMENTS = YES;
				CLANG_WARN_EMPTY_BODY = YES;
				CLANG_WARN_ENUM_CONVERSION = YES;
				CLANG_WARN_INFINITE_RECURSION = YES;
				CLANG_WARN_INT_CONVERSION = YES;
				CLANG_WARN_NON_LITERAL_NULL_CONVERSION = YES;
				CLANG_WARN_OBJC_IMPLICIT_RETAIN_SELF = YES;
				CLANG_WARN_OBJC_LITERAL_CONVERSION = YES;
				CLANG_WARN_OBJC_ROOT_CLASS = YES_ERROR;
				CLANG_WARN_QUOTED_INCLUDE_IN_FRAMEWORK_HEADER = YES;
				CLANG_WARN_RANGE_LOOP_ANALYSIS = YES;
				CLANG_WARN_STRICT_PROTOTYPES = YES;
				CLANG_WARN_SUSPICIOUS_MOVE = YES;
				CLANG_WARN_UNGUARDED_AVAILABILITY = YES_AGGRESSIVE;
				CLANG_WARN_UNREACHABLE_CODE = YES;
				CLANG_WARN__DUPLICATE_METHOD_MATCH = YES;
				COPY_PHASE_STRIP = NO;
				DEBUG_INFORMATION_FORMAT = dwarf;
				ENABLE_STRICT_OBJC_MSGSEND = YES;
				ENABLE_TESTABILITY = YES;
				ENABLE_USER_SCRIPT_SANDBOXING = YES;
				GCC_C_LANGUAGE_STANDARD = gnu17;
				GCC_DYNAMIC_NO_PIC = NO;
				GCC_NO_COMMON_BLOCKS = YES;
				GCC_OPTIMIZATION_LEVEL = 0;
				GCC_PREPROCESSOR_DEFINITIONS = (
					"DEBUG=1",
					"$(inherited)",
				);
				GCC_WARN_64_TO_32_BIT_CONVERSION = YES;
				GCC_WARN_ABOUT_RETURN_TYPE = YES_ERROR;
				GCC_WARN_UNDECLARED_SELECTOR = YES;
				GCC_WARN_UNINITIALIZED_AUTOS = YES_AGGRESSIVE;
				GCC_WARN_UNUSED_FUNCTION = YES;
				GCC_WARN_UNUSED_VARIABLE = YES;
				IPHONEOS_DEPLOYMENT_TARGET = 17.5;
				LOCALIZATION_PREFERS_STRING_CATALOGS = YES;
				MTL_ENABLE_DEBUG_INFO = INCLUDE_SOURCE;
				MTL_FAST_MATH = YES;
				ONLY_ACTIVE_ARCH = YES;
				SDKROOT = iphoneos;
				SWIFT_ACTIVE_COMPILATION_CONDITIONS = "DEBUG $(inherited)";
				SWIFT_OPTIMIZATION_LEVEL = "-Onone";
			};
			name = Debug;
		};
		10D12E7C2C6CCF7C00D2AAD6 /* Release */ = {
			isa = XCBuildConfiguration;
			buildSettings = {
				ALWAYS_SEARCH_USER_PATHS = NO;
				ASSETCATALOG_COMPILER_GENERATE_SWIFT_ASSET_SYMBOL_EXTENSIONS = YES;
				CLANG_ANALYZER_NONNULL = YES;
				CLANG_ANALYZER_NUMBER_OBJECT_CONVERSION = YES_AGGRESSIVE;
				CLANG_CXX_LANGUAGE_STANDARD = "gnu++20";
				CLANG_ENABLE_MODULES = YES;
				CLANG_ENABLE_OBJC_ARC = YES;
				CLANG_ENABLE_OBJC_WEAK = YES;
				CLANG_WARN_BLOCK_CAPTURE_AUTORELEASING = YES;
				CLANG_WARN_BOOL_CONVERSION = YES;
				CLANG_WARN_COMMA = YES;
				CLANG_WARN_CONSTANT_CONVERSION = YES;
				CLANG_WARN_DEPRECATED_OBJC_IMPLEMENTATIONS = YES;
				CLANG_WARN_DIRECT_OBJC_ISA_USAGE = YES_ERROR;
				CLANG_WARN_DOCUMENTATION_COMMENTS = YES;
				CLANG_WARN_EMPTY_BODY = YES;
				CLANG_WARN_ENUM_CONVERSION = YES;
				CLANG_WARN_INFINITE_RECURSION = YES;
				CLANG_WARN_INT_CONVERSION = YES;
				CLANG_WARN_NON_LITERAL_NULL_CONVERSION = YES;
				CLANG_WARN_OBJC_IMPLICIT_RETAIN_SELF = YES;
				CLANG_WARN_OBJC_LITERAL_CONVERSION = YES;
				CLANG_WARN_OBJC_ROOT_CLASS = YES_ERROR;
				CLANG_WARN_QUOTED_INCLUDE_IN_FRAMEWORK_HEADER = YES;
				CLANG_WARN_RANGE_LOOP_ANALYSIS = YES;
				CLANG_WARN_STRICT_PROTOTYPES = YES;
				CLANG_WARN_SUSPICIOUS_MOVE = YES;
				CLANG_WARN_UNGUARDED_AVAILABILITY = YES_AGGRESSIVE;
				CLANG_WARN_UNREACHABLE_CODE = YES;
				CLANG_WARN__DUPLICATE_METHOD_MATCH = YES;
				COPY_PHASE_STRIP = NO;
				DEBUG_INFORMATION_FORMAT = "dwarf-with-dsym";
				ENABLE_NS_ASSERTIONS = NO;
				ENABLE_STRICT_OBJC_MSGSEND = YES;
				ENABLE_USER_SCRIPT_SANDBOXING = YES;
				GCC_C_LANGUAGE_STANDARD = gnu17;
				GCC_NO_COMMON_BLOCKS = YES;
				GCC_WARN_64_TO_32_BIT_CONVERSION = YES;
				GCC_WARN_ABOUT_RETURN_TYPE = YES_ERROR;
				GCC_WARN_UNDECLARED_SELECTOR = YES;
				GCC_WARN_UNINITIALIZED_AUTOS = YES_AGGRESSIVE;
				GCC_WARN_UNUSED_FUNCTION = YES;
				GCC_WARN_UNUSED_VARIABLE = YES;
				IPHONEOS_DEPLOYMENT_TARGET = 17.5;
				LOCALIZATION_PREFERS_STRING_CATALOGS = YES;
				MTL_ENABLE_DEBUG_INFO = NO;
				MTL_FAST_MATH = YES;
				SDKROOT = iphoneos;
				SWIFT_COMPILATION_MODE = wholemodule;
				VALIDATE_PRODUCT = YES;
			};
			name = Release;
		};
		10D12E7E2C6CCF7C00D2AAD6 /* Debug */ = {
			isa = XCBuildConfiguration;
			buildSettings = {
				ASSETCATALOG_COMPILER_APPICON_NAME = AppIcon;
				ASSETCATALOG_COMPILER_GLOBAL_ACCENT_COLOR_NAME = AccentColor;
				CODE_SIGN_STYLE = Automatic;
				CURRENT_PROJECT_VERSION = 1;
				DEVELOPMENT_ASSET_PATHS = "\"ExpenseTrackerDemo/Preview Content\"";
				DEVELOPMENT_TEAM = 4P39C9U7SC;
				ENABLE_PREVIEWS = YES;
				GENERATE_INFOPLIST_FILE = YES;
				INFOPLIST_KEY_UIApplicationSceneManifest_Generation = YES;
				INFOPLIST_KEY_UIApplicationSupportsIndirectInputEvents = YES;
				INFOPLIST_KEY_UILaunchScreen_Generation = YES;
				INFOPLIST_KEY_UISupportedInterfaceOrientations_iPad = "UIInterfaceOrientationPortrait UIInterfaceOrientationPortraitUpsideDown UIInterfaceOrientationLandscapeLeft UIInterfaceOrientationLandscapeRight";
				INFOPLIST_KEY_UISupportedInterfaceOrientations_iPhone = "UIInterfaceOrientationPortrait UIInterfaceOrientationLandscapeLeft UIInterfaceOrientationLandscapeRight";
				LD_RUNPATH_SEARCH_PATHS = (
					"$(inherited)",
					"@executable_path/Frameworks",
				);
				MARKETING_VERSION = 1.0;
				PRODUCT_BUNDLE_IDENTIFIER = io.tech4u.ExpenseTrackerDemo;
				PRODUCT_NAME = "$(TARGET_NAME)";
				SWIFT_EMIT_LOC_STRINGS = YES;
				SWIFT_VERSION = 5.0;
				TARGETED_DEVICE_FAMILY = "1,2";
			};
			name = Debug;
		};
		10D12E7F2C6CCF7C00D2AAD6 /* Release */ = {
			isa = XCBuildConfiguration;
			buildSettings = {
				ASSETCATALOG_COMPILER_APPICON_NAME = AppIcon;
				ASSETCATALOG_COMPILER_GLOBAL_ACCENT_COLOR_NAME = AccentColor;
				CODE_SIGN_STYLE = Automatic;
				CURRENT_PROJECT_VERSION = 1;
				DEVELOPMENT_ASSET_PATHS = "\"ExpenseTrackerDemo/Preview Content\"";
				DEVELOPMENT_TEAM = 4P39C9U7SC;
				ENABLE_PREVIEWS = YES;
				GENERATE_INFOPLIST_FILE = YES;
				INFOPLIST_KEY_UIApplicationSceneManifest_Generation = YES;
				INFOPLIST_KEY_UIApplicationSupportsIndirectInputEvents = YES;
				INFOPLIST_KEY_UILaunchScreen_Generation = YES;
				INFOPLIST_KEY_UISupportedInterfaceOrientations_iPad = "UIInterfaceOrientationPortrait UIInterfaceOrientationPortraitUpsideDown UIInterfaceOrientationLandscapeLeft UIInterfaceOrientationLandscapeRight";
				INFOPLIST_KEY_UISupportedInterfaceOrientations_iPhone = "UIInterfaceOrientationPortrait UIInterfaceOrientationLandscapeLeft UIInterfaceOrientationLandscapeRight";
				LD_RUNPATH_SEARCH_PATHS = (
					"$(inherited)",
					"@executable_path/Frameworks",
				);
				MARKETING_VERSION = 1.0;
				PRODUCT_BUNDLE_IDENTIFIER = io.tech4u.ExpenseTrackerDemo;
				PRODUCT_NAME = "$(TARGET_NAME)";
				SWIFT_EMIT_LOC_STRINGS = YES;
				SWIFT_VERSION = 5.0;
				TARGETED_DEVICE_FAMILY = "1,2";
			};
			name = Release;
		};
/* End XCBuildConfiguration section */

/* Begin XCConfigurationList section */
		10D12E6A2C6CCF7B00D2AAD6 /* Build configuration list for PBXProject "ExpenseTrackerDemo" */ = {
			isa = XCConfigurationList;
			buildConfigurations = (
				10D12E7B2C6CCF7C00D2AAD6 /* Debug */,
				10D12E7C2C6CCF7C00D2AAD6 /* Release */,
			);
			defaultConfigurationIsVisible = 0;
			defaultConfigurationName = Release;
		};
		10D12E7D2C6CCF7C00D2AAD6 /* Build configuration list for PBXNativeTarget "ExpenseTrackerDemo" */ = {
			isa = XCConfigurationList;
			buildConfigurations = (
				10D12E7E2C6CCF7C00D2AAD6 /* Debug */,
				10D12E7F2C6CCF7C00D2AAD6 /* Release */,
			);
			defaultConfigurationIsVisible = 0;
			defaultConfigurationName = Release;
		};
/* End XCConfigurationList section */

/* Begin XCRemoteSwiftPackageReference section */
		10D12E902C6CEB0900D2AAD6 /* XCRemoteSwiftPackageReference "SwiftUIFontIcon" */ = {
			isa = XCRemoteSwiftPackageReference;
			repositoryURL = "https://github.com/huybuidac/SwiftUIFontIcon";
			requirement = {
				branch = master;
				kind = branch;
			};
		};
		10D12E992C74E3CD00D2AAD6 /* XCRemoteSwiftPackageReference "swift-collections" */ = {
			isa = XCRemoteSwiftPackageReference;
			repositoryURL = "https://github.com/apple/swift-collections.git";
			requirement = {
				kind = upToNextMajorVersion;
				minimumVersion = 1.1.2;
			};
		};
		10D12E9F2C74F32200D2AAD6 /* XCRemoteSwiftPackageReference "ChartView" */ = {
			isa = XCRemoteSwiftPackageReference;
			repositoryURL = "https://github.com/AppPear/ChartView";
			requirement = {
				kind = exactVersion;
				version = "2.0.0-beta.2";
			};
		};
		10D12EAD2C84C26D00D2AAD6 /* XCRemoteSwiftPackageReference "firebase-ios-sdk" */ = {
			isa = XCRemoteSwiftPackageReference;
			repositoryURL = "https://github.com/firebase/firebase-ios-sdk";
			requirement = {
				kind = upToNextMajorVersion;
				minimumVersion = 11.1.0;
			};
		};
/* End XCRemoteSwiftPackageReference section */

/* Begin XCSwiftPackageProductDependency section */
		10D12E912C6CEB0900D2AAD6 /* SwiftUIFontIcon */ = {
			isa = XCSwiftPackageProductDependency;
			package = 10D12E902C6CEB0900D2AAD6 /* XCRemoteSwiftPackageReference "SwiftUIFontIcon" */;
			productName = SwiftUIFontIcon;
		};
		10D12E9A2C74E3CD00D2AAD6 /* Collections */ = {
			isa = XCSwiftPackageProductDependency;
			package = 10D12E992C74E3CD00D2AAD6 /* XCRemoteSwiftPackageReference "swift-collections" */;
			productName = Collections;
		};
		10D12EA02C74F32200D2AAD6 /* SwiftUICharts */ = {
			isa = XCSwiftPackageProductDependency;
			package = 10D12E9F2C74F32200D2AAD6 /* XCRemoteSwiftPackageReference "ChartView" */;
			productName = SwiftUICharts;
		};
		10D12EAE2C84C26D00D2AAD6 /* FirebaseDatabase */ = {
			isa = XCSwiftPackageProductDependency;
			package = 10D12EAD2C84C26D00D2AAD6 /* XCRemoteSwiftPackageReference "firebase-ios-sdk" */;
			productName = FirebaseDatabase;
		};
/* End XCSwiftPackageProductDependency section */
	};
	rootObject = 10D12E672C6CCF7B00D2AAD6 /* Project object */;
}
